// !$*UTF8*$!
{
	archiveVersion = 1;
	classes = {
	};
	objectVersion = 50;
	objects = {

/* Begin PBXBuildFile section */
		84FDC2AF25896154008FCCE1 /* AppDelegate.swift in Sources */ = {isa = PBXBuildFile; fileRef = 84FDC2AE25896154008FCCE1 /* AppDelegate.swift */; };
		84FDC2B125896154008FCCE1 /* SceneDelegate.swift in Sources */ = {isa = PBXBuildFile; fileRef = 84FDC2B025896154008FCCE1 /* SceneDelegate.swift */; };
		84FDC2B325896154008FCCE1 /* ViewController.swift in Sources */ = {isa = PBXBuildFile; fileRef = 84FDC2B225896154008FCCE1 /* ViewController.swift */; };
		84FDC2B625896154008FCCE1 /* Main.storyboard in Resources */ = {isa = PBXBuildFile; fileRef = 84FDC2B425896154008FCCE1 /* Main.storyboard */; };
		84FDC2B825896155008FCCE1 /* Assets.xcassets in Resources */ = {isa = PBXBuildFile; fileRef = 84FDC2B725896155008FCCE1 /* Assets.xcassets */; };
		84FDC2BB25896155008FCCE1 /* LaunchScreen.storyboard in Resources */ = {isa = PBXBuildFile; fileRef = 84FDC2B925896155008FCCE1 /* LaunchScreen.storyboard */; };
		84FDC2C625896155008FCCE1 /* Re_visionTests.swift in Sources */ = {isa = PBXBuildFile; fileRef = 84FDC2C525896155008FCCE1 /* Re_visionTests.swift */; };
		84FDC2D125896155008FCCE1 /* Re_visionUITests.swift in Sources */ = {isa = PBXBuildFile; fileRef = 84FDC2D025896155008FCCE1 /* Re_visionUITests.swift */; };
/* End PBXBuildFile section */

/* Begin PBXContainerItemProxy section */
		84FDC2C225896155008FCCE1 /* PBXContainerItemProxy */ = {
			isa = PBXContainerItemProxy;
			containerPortal = 84FDC2A325896154008FCCE1 /* Project object */;
			proxyType = 1;
			remoteGlobalIDString = 84FDC2AA25896154008FCCE1;
			remoteInfo = "Révision";
		};
		84FDC2CD25896155008FCCE1 /* PBXContainerItemProxy */ = {
			isa = PBXContainerItemProxy;
			containerPortal = 84FDC2A325896154008FCCE1 /* Project object */;
			proxyType = 1;
			remoteGlobalIDString = 84FDC2AA25896154008FCCE1;
			remoteInfo = "Révision";
		};
/* End PBXContainerItemProxy section */

/* Begin PBXFileReference section */
		84FDC2AB25896154008FCCE1 /* Révision.app */ = {isa = PBXFileReference; explicitFileType = wrapper.application; includeInIndex = 0; path = "Révision.app"; sourceTree = BUILT_PRODUCTS_DIR; };
		84FDC2AE25896154008FCCE1 /* AppDelegate.swift */ = {isa = PBXFileReference; lastKnownFileType = sourcecode.swift; path = AppDelegate.swift; sourceTree = "<group>"; };
		84FDC2B025896154008FCCE1 /* SceneDelegate.swift */ = {isa = PBXFileReference; lastKnownFileType = sourcecode.swift; path = SceneDelegate.swift; sourceTree = "<group>"; };
		84FDC2B225896154008FCCE1 /* ViewController.swift */ = {isa = PBXFileReference; lastKnownFileType = sourcecode.swift; path = ViewController.swift; sourceTree = "<group>"; };
		84FDC2B525896154008FCCE1 /* Base */ = {isa = PBXFileReference; lastKnownFileType = file.storyboard; name = Base; path = Base.lproj/Main.storyboard; sourceTree = "<group>"; };
		84FDC2B725896155008FCCE1 /* Assets.xcassets */ = {isa = PBXFileReference; lastKnownFileType = folder.assetcatalog; path = Assets.xcassets; sourceTree = "<group>"; };
		84FDC2BA25896155008FCCE1 /* Base */ = {isa = PBXFileReference; lastKnownFileType = file.storyboard; name = Base; path = Base.lproj/LaunchScreen.storyboard; sourceTree = "<group>"; };
		84FDC2BC25896155008FCCE1 /* Info.plist */ = {isa = PBXFileReference; lastKnownFileType = text.plist.xml; path = Info.plist; sourceTree = "<group>"; };
		84FDC2C125896155008FCCE1 /* RévisionTests.xctest */ = {isa = PBXFileReference; explicitFileType = wrapper.cfbundle; includeInIndex = 0; path = "RévisionTests.xctest"; sourceTree = BUILT_PRODUCTS_DIR; };
		84FDC2C525896155008FCCE1 /* Re_visionTests.swift */ = {isa = PBXFileReference; lastKnownFileType = sourcecode.swift; path = Re_visionTests.swift; sourceTree = "<group>"; };
		84FDC2C725896155008FCCE1 /* Info.plist */ = {isa = PBXFileReference; lastKnownFileType = text.plist.xml; path = Info.plist; sourceTree = "<group>"; };
		84FDC2CC25896155008FCCE1 /* RévisionUITests.xctest */ = {isa = PBXFileReference; explicitFileType = wrapper.cfbundle; includeInIndex = 0; path = "RévisionUITests.xctest"; sourceTree = BUILT_PRODUCTS_DIR; };
		84FDC2D025896155008FCCE1 /* Re_visionUITests.swift */ = {isa = PBXFileReference; lastKnownFileType = sourcecode.swift; path = Re_visionUITests.swift; sourceTree = "<group>"; };
		84FDC2D225896155008FCCE1 /* Info.plist */ = {isa = PBXFileReference; lastKnownFileType = text.plist.xml; path = Info.plist; sourceTree = "<group>"; };
/* End PBXFileReference section */

/* Begin PBXFrameworksBuildPhase section */
		84FDC2A825896154008FCCE1 /* Frameworks */ = {
			isa = PBXFrameworksBuildPhase;
			buildActionMask = 2147483647;
			files = (
			);
			runOnlyForDeploymentPostprocessing = 0;
		};
		84FDC2BE25896155008FCCE1 /* Frameworks */ = {
			isa = PBXFrameworksBuildPhase;
			buildActionMask = 2147483647;
			files = (
			);
			runOnlyForDeploymentPostprocessing = 0;
		};
		84FDC2C925896155008FCCE1 /* Frameworks */ = {
			isa = PBXFrameworksBuildPhase;
			buildActionMask = 2147483647;
			files = (
			);
			runOnlyForDeploymentPostprocessing = 0;
		};
/* End PBXFrameworksBuildPhase section */

/* Begin PBXGroup section */
		84FDC2A225896154008FCCE1 = {
			isa = PBXGroup;
			children = (
				84FDC2AD25896154008FCCE1 /* Révision */,
				84FDC2C425896155008FCCE1 /* RévisionTests */,
				84FDC2CF25896155008FCCE1 /* RévisionUITests */,
				84FDC2AC25896154008FCCE1 /* Products */,
			);
			sourceTree = "<group>";
		};
		84FDC2AC25896154008FCCE1 /* Products */ = {
			isa = PBXGroup;
			children = (
				84FDC2AB25896154008FCCE1 /* Révision.app */,
				84FDC2C125896155008FCCE1 /* RévisionTests.xctest */,
				84FDC2CC25896155008FCCE1 /* RévisionUITests.xctest */,
			);
			name = Products;
			sourceTree = "<group>";
		};
		84FDC2AD25896154008FCCE1 /* Révision */ = {
			isa = PBXGroup;
			children = (
				84FDC2AE25896154008FCCE1 /* AppDelegate.swift */,
				84FDC2B025896154008FCCE1 /* SceneDelegate.swift */,
				84FDC2B225896154008FCCE1 /* ViewController.swift */,
				84FDC2B425896154008FCCE1 /* Main.storyboard */,
				84FDC2B725896155008FCCE1 /* Assets.xcassets */,
				84FDC2B925896155008FCCE1 /* LaunchScreen.storyboard */,
				84FDC2BC25896155008FCCE1 /* Info.plist */,
			);
			path = "Révision";
			sourceTree = "<group>";
		};
		84FDC2C425896155008FCCE1 /* RévisionTests */ = {
			isa = PBXGroup;
			children = (
				84FDC2C525896155008FCCE1 /* Re_visionTests.swift */,
				84FDC2C725896155008FCCE1 /* Info.plist */,
			);
			path = "RévisionTests";
			sourceTree = "<group>";
		};
		84FDC2CF25896155008FCCE1 /* RévisionUITests */ = {
			isa = PBXGroup;
			children = (
				84FDC2D025896155008FCCE1 /* Re_visionUITests.swift */,
				84FDC2D225896155008FCCE1 /* Info.plist */,
			);
			path = "RévisionUITests";
			sourceTree = "<group>";
		};
/* End PBXGroup section */

/* Begin PBXNativeTarget section */
		84FDC2AA25896154008FCCE1 /* Révision */ = {
			isa = PBXNativeTarget;
			buildConfigurationList = 84FDC2D525896155008FCCE1 /* Build configuration list for PBXNativeTarget "Révision" */;
			buildPhases = (
				84FDC2A725896154008FCCE1 /* Sources */,
				84FDC2A825896154008FCCE1 /* Frameworks */,
				84FDC2A925896154008FCCE1 /* Resources */,
			);
			buildRules = (
			);
			dependencies = (
			);
			name = "Révision";
			productName = "Révision";
			productReference = 84FDC2AB25896154008FCCE1 /* Révision.app */;
			productType = "com.apple.product-type.application";
		};
		84FDC2C025896155008FCCE1 /* RévisionTests */ = {
			isa = PBXNativeTarget;
			buildConfigurationList = 84FDC2D825896155008FCCE1 /* Build configuration list for PBXNativeTarget "RévisionTests" */;
			buildPhases = (
				84FDC2BD25896155008FCCE1 /* Sources */,
				84FDC2BE25896155008FCCE1 /* Frameworks */,
				84FDC2BF25896155008FCCE1 /* Resources */,
			);
			buildRules = (
			);
			dependencies = (
				84FDC2C325896155008FCCE1 /* PBXTargetDependency */,
			);
			name = "RévisionTests";
			productName = "RévisionTests";
			productReference = 84FDC2C125896155008FCCE1 /* RévisionTests.xctest */;
			productType = "com.apple.product-type.bundle.unit-test";
		};
		84FDC2CB25896155008FCCE1 /* RévisionUITests */ = {
			isa = PBXNativeTarget;
			buildConfigurationList = 84FDC2DB25896155008FCCE1 /* Build configuration list for PBXNativeTarget "RévisionUITests" */;
			buildPhases = (
				84FDC2C825896155008FCCE1 /* Sources */,
				84FDC2C925896155008FCCE1 /* Frameworks */,
				84FDC2CA25896155008FCCE1 /* Resources */,
			);
			buildRules = (
			);
			dependencies = (
				84FDC2CE25896155008FCCE1 /* PBXTargetDependency */,
			);
			name = "RévisionUITests";
			productName = "RévisionUITests";
			productReference = 84FDC2CC25896155008FCCE1 /* RévisionUITests.xctest */;
			productType = "com.apple.product-type.bundle.ui-testing";
		};
/* End PBXNativeTarget section */

/* Begin PBXProject section */
		84FDC2A325896154008FCCE1 /* Project object */ = {
			isa = PBXProject;
			attributes = {
				LastSwiftUpdateCheck = 1220;
				LastUpgradeCheck = 1220;
				TargetAttributes = {
					84FDC2AA25896154008FCCE1 = {
						CreatedOnToolsVersion = 12.2;
					};
					84FDC2C025896155008FCCE1 = {
						CreatedOnToolsVersion = 12.2;
						TestTargetID = 84FDC2AA25896154008FCCE1;
					};
					84FDC2CB25896155008FCCE1 = {
						CreatedOnToolsVersion = 12.2;
						TestTargetID = 84FDC2AA25896154008FCCE1;
					};
				};
			};
			buildConfigurationList = 84FDC2A625896154008FCCE1 /* Build configuration list for PBXProject "Révision" */;
			compatibilityVersion = "Xcode 9.3";
			developmentRegion = en;
			hasScannedForEncodings = 0;
			knownRegions = (
				en,
				Base,
			);
			mainGroup = 84FDC2A225896154008FCCE1;
			productRefGroup = 84FDC2AC25896154008FCCE1 /* Products */;
			projectDirPath = "";
			projectRoot = "";
			targets = (
				84FDC2AA25896154008FCCE1 /* Révision */,
				84FDC2C025896155008FCCE1 /* RévisionTests */,
				84FDC2CB25896155008FCCE1 /* RévisionUITests */,
			);
		};
/* End PBXProject section */

/* Begin PBXResourcesBuildPhase section */
		84FDC2A925896154008FCCE1 /* Resources */ = {
			isa = PBXResourcesBuildPhase;
			buildActionMask = 2147483647;
			files = (
				84FDC2BB25896155008FCCE1 /* LaunchScreen.storyboard in Resources */,
				84FDC2B825896155008FCCE1 /* Assets.xcassets in Resources */,
				84FDC2B625896154008FCCE1 /* Main.storyboard in Resources */,
			);
			runOnlyForDeploymentPostprocessing = 0;
		};
		84FDC2BF25896155008FCCE1 /* Resources */ = {
			isa = PBXResourcesBuildPhase;
			buildActionMask = 2147483647;
			files = (
			);
			runOnlyForDeploymentPostprocessing = 0;
		};
		84FDC2CA25896155008FCCE1 /* Resources */ = {
			isa = PBXResourcesBuildPhase;
			buildActionMask = 2147483647;
			files = (
			);
			runOnlyForDeploymentPostprocessing = 0;
		};
/* End PBXResourcesBuildPhase section */

/* Begin PBXSourcesBuildPhase section */
		84FDC2A725896154008FCCE1 /* Sources */ = {
			isa = PBXSourcesBuildPhase;
			buildActionMask = 2147483647;
			files = (
				84FDC2B325896154008FCCE1 /* ViewController.swift in Sources */,
				84FDC2AF25896154008FCCE1 /* AppDelegate.swift in Sources */,
				84FDC2B125896154008FCCE1 /* SceneDelegate.swift in Sources */,
			);
			runOnlyForDeploymentPostprocessing = 0;
		};
		84FDC2BD25896155008FCCE1 /* Sources */ = {
			isa = PBXSourcesBuildPhase;
			buildActionMask = 2147483647;
			files = (
				84FDC2C625896155008FCCE1 /* Re_visionTests.swift in Sources */,
			);
			runOnlyForDeploymentPostprocessing = 0;
		};
		84FDC2C825896155008FCCE1 /* Sources */ = {
			isa = PBXSourcesBuildPhase;
			buildActionMask = 2147483647;
			files = (
				84FDC2D125896155008FCCE1 /* Re_visionUITests.swift in Sources */,
			);
			runOnlyForDeploymentPostprocessing = 0;
		};
/* End PBXSourcesBuildPhase section */

/* Begin PBXTargetDependency section */
		84FDC2C325896155008FCCE1 /* PBXTargetDependency */ = {
			isa = PBXTargetDependency;
			target = 84FDC2AA25896154008FCCE1 /* Révision */;
			targetProxy = 84FDC2C225896155008FCCE1 /* PBXContainerItemProxy */;
		};
		84FDC2CE25896155008FCCE1 /* PBXTargetDependency */ = {
			isa = PBXTargetDependency;
			target = 84FDC2AA25896154008FCCE1 /* Révision */;
			targetProxy = 84FDC2CD25896155008FCCE1 /* PBXContainerItemProxy */;
		};
/* End PBXTargetDependency section */

/* Begin PBXVariantGroup section */
		84FDC2B425896154008FCCE1 /* Main.storyboard */ = {
			isa = PBXVariantGroup;
			children = (
				84FDC2B525896154008FCCE1 /* Base */,
			);
			name = Main.storyboard;
			sourceTree = "<group>";
		};
		84FDC2B925896155008FCCE1 /* LaunchScreen.storyboard */ = {
			isa = PBXVariantGroup;
			children = (
				84FDC2BA25896155008FCCE1 /* Base */,
			);
			name = LaunchScreen.storyboard;
			sourceTree = "<group>";
		};
/* End PBXVariantGroup section */

/* Begin XCBuildConfiguration section */
		84FDC2D325896155008FCCE1 /* Debug */ = {
			isa = XCBuildConfiguration;
			buildSettings = {
				ALWAYS_SEARCH_USER_PATHS = NO;
				CLANG_ANALYZER_NONNULL = YES;
				CLANG_ANALYZER_NUMBER_OBJECT_CONVERSION = YES_AGGRESSIVE;
				CLANG_CXX_LANGUAGE_STANDARD = "gnu++14";
				CLANG_CXX_LIBRARY = "libc++";
				CLANG_ENABLE_MODULES = YES;
				CLANG_ENABLE_OBJC_ARC = YES;
				CLANG_ENABLE_OBJC_WEAK = YES;
				CLANG_WARN_BLOCK_CAPTURE_AUTORELEASING = YES;
				CLANG_WARN_BOOL_CONVERSION = YES;
				CLANG_WARN_COMMA = YES;
				CLANG_WARN_CONSTANT_CONVERSION = YES;
				CLANG_WARN_DEPRECATED_OBJC_IMPLEMENTATIONS = YES;
				CLANG_WARN_DIRECT_OBJC_ISA_USAGE = YES_ERROR;
				CLANG_WARN_DOCUMENTATION_COMMENTS = YES;
				CLANG_WARN_EMPTY_BODY = YES;
				CLANG_WARN_ENUM_CONVERSION = YES;
				CLANG_WARN_INFINITE_RECURSION = YES;
				CLANG_WARN_INT_CONVERSION = YES;
				CLANG_WARN_NON_LITERAL_NULL_CONVERSION = YES;
				CLANG_WARN_OBJC_IMPLICIT_RETAIN_SELF = YES;
				CLANG_WARN_OBJC_LITERAL_CONVERSION = YES;
				CLANG_WARN_OBJC_ROOT_CLASS = YES_ERROR;
				CLANG_WARN_QUOTED_INCLUDE_IN_FRAMEWORK_HEADER = YES;
				CLANG_WARN_RANGE_LOOP_ANALYSIS = YES;
				CLANG_WARN_STRICT_PROTOTYPES = YES;
				CLANG_WARN_SUSPICIOUS_MOVE = YES;
				CLANG_WARN_UNGUARDED_AVAILABILITY = YES_AGGRESSIVE;
				CLANG_WARN_UNREACHABLE_CODE = YES;
				CLANG_WARN__DUPLICATE_METHOD_MATCH = YES;
				COPY_PHASE_STRIP = NO;
				DEBUG_INFORMATION_FORMAT = dwarf;
				ENABLE_STRICT_OBJC_MSGSEND = YES;
				ENABLE_TESTABILITY = YES;
				GCC_C_LANGUAGE_STANDARD = gnu11;
				GCC_DYNAMIC_NO_PIC = NO;
				GCC_NO_COMMON_BLOCKS = YES;
				GCC_OPTIMIZATION_LEVEL = 0;
				GCC_PREPROCESSOR_DEFINITIONS = (
					"DEBUG=1",
					"$(inherited)",
				);
				GCC_WARN_64_TO_32_BIT_CONVERSION = YES;
				GCC_WARN_ABOUT_RETURN_TYPE = YES_ERROR;
				GCC_WARN_UNDECLARED_SELECTOR = YES;
				GCC_WARN_UNINITIALIZED_AUTOS = YES_AGGRESSIVE;
				GCC_WARN_UNUSED_FUNCTION = YES;
				GCC_WARN_UNUSED_VARIABLE = YES;
				IPHONEOS_DEPLOYMENT_TARGET = 14.2;
				MTL_ENABLE_DEBUG_INFO = INCLUDE_SOURCE;
				MTL_FAST_MATH = YES;
				ONLY_ACTIVE_ARCH = YES;
				SDKROOT = iphoneos;
				SWIFT_ACTIVE_COMPILATION_CONDITIONS = DEBUG;
				SWIFT_OPTIMIZATION_LEVEL = "-Onone";
			};
			name = Debug;
		};
		84FDC2D425896155008FCCE1 /* Release */ = {
			isa = XCBuildConfiguration;
			buildSettings = {
				ALWAYS_SEARCH_USER_PATHS = NO;
				CLANG_ANALYZER_NONNULL = YES;
				CLANG_ANALYZER_NUMBER_OBJECT_CONVERSION = YES_AGGRESSIVE;
				CLANG_CXX_LANGUAGE_STANDARD = "gnu++14";
				CLANG_CXX_LIBRARY = "libc++";
				CLANG_ENABLE_MODULES = YES;
				CLANG_ENABLE_OBJC_ARC = YES;
				CLANG_ENABLE_OBJC_WEAK = YES;
				CLANG_WARN_BLOCK_CAPTURE_AUTORELEASING = YES;
				CLANG_WARN_BOOL_CONVERSION = YES;
				CLANG_WARN_COMMA = YES;
				CLANG_WARN_CONSTANT_CONVERSION = YES;
				CLANG_WARN_DEPRECATED_OBJC_IMPLEMENTATIONS = YES;
				CLANG_WARN_DIRECT_OBJC_ISA_USAGE = YES_ERROR;
				CLANG_WARN_DOCUMENTATION_COMMENTS = YES;
				CLANG_WARN_EMPTY_BODY = YES;
				CLANG_WARN_ENUM_CONVERSION = YES;
				CLANG_WARN_INFINITE_RECURSION = YES;
				CLANG_WARN_INT_CONVERSION = YES;
				CLANG_WARN_NON_LITERAL_NULL_CONVERSION = YES;
				CLANG_WARN_OBJC_IMPLICIT_RETAIN_SELF = YES;
				CLANG_WARN_OBJC_LITERAL_CONVERSION = YES;
				CLANG_WARN_OBJC_ROOT_CLASS = YES_ERROR;
				CLANG_WARN_QUOTED_INCLUDE_IN_FRAMEWORK_HEADER = YES;
				CLANG_WARN_RANGE_LOOP_ANALYSIS = YES;
				CLANG_WARN_STRICT_PROTOTYPES = YES;
				CLANG_WARN_SUSPICIOUS_MOVE = YES;
				CLANG_WARN_UNGUARDED_AVAILABILITY = YES_AGGRESSIVE;
				CLANG_WARN_UNREACHABLE_CODE = YES;
				CLANG_WARN__DUPLICATE_METHOD_MATCH = YES;
				COPY_PHASE_STRIP = NO;
				DEBUG_INFORMATION_FORMAT = "dwarf-with-dsym";
				ENABLE_NS_ASSERTIONS = NO;
				ENABLE_STRICT_OBJC_MSGSEND = YES;
				GCC_C_LANGUAGE_STANDARD = gnu11;
				GCC_NO_COMMON_BLOCKS = YES;
				GCC_WARN_64_TO_32_BIT_CONVERSION = YES;
				GCC_WARN_ABOUT_RETURN_TYPE = YES_ERROR;
				GCC_WARN_UNDECLARED_SELECTOR = YES;
				GCC_WARN_UNINITIALIZED_AUTOS = YES_AGGRESSIVE;
				GCC_WARN_UNUSED_FUNCTION = YES;
				GCC_WARN_UNUSED_VARIABLE = YES;
				IPHONEOS_DEPLOYMENT_TARGET = 14.2;
				MTL_ENABLE_DEBUG_INFO = NO;
				MTL_FAST_MATH = YES;
				SDKROOT = iphoneos;
				SWIFT_COMPILATION_MODE = wholemodule;
				SWIFT_OPTIMIZATION_LEVEL = "-O";
				VALIDATE_PRODUCT = YES;
			};
			name = Release;
		};
		84FDC2D625896155008FCCE1 /* Debug */ = {
			isa = XCBuildConfiguration;
			buildSettings = {
				ASSETCATALOG_COMPILER_APPICON_NAME = AppIcon;
				ASSETCATALOG_COMPILER_GLOBAL_ACCENT_COLOR_NAME = AccentColor;
				CODE_SIGN_STYLE = Automatic;
				INFOPLIST_FILE = "Révision/Info.plist";
				LD_RUNPATH_SEARCH_PATHS = (
					"$(inherited)",
					"@executable_path/Frameworks",
				);
				PRODUCT_BUNDLE_IDENTIFIER = "IOSApp.Re-vision";
				PRODUCT_NAME = "$(TARGET_NAME)";
				SWIFT_VERSION = 5.0;
				TARGETED_DEVICE_FAMILY = "1,2";
			};
			name = Debug;
		};
		84FDC2D725896155008FCCE1 /* Release */ = {
			isa = XCBuildConfiguration;
			buildSettings = {
				ASSETCATALOG_COMPILER_APPICON_NAME = AppIcon;
				ASSETCATALOG_COMPILER_GLOBAL_ACCENT_COLOR_NAME = AccentColor;
				CODE_SIGN_STYLE = Automatic;
				INFOPLIST_FILE = "Révision/Info.plist";
				LD_RUNPATH_SEARCH_PATHS = (
					"$(inherited)",
					"@executable_path/Frameworks",
				);
				PRODUCT_BUNDLE_IDENTIFIER = "IOSApp.Re-vision";
				PRODUCT_NAME = "$(TARGET_NAME)";
				SWIFT_VERSION = 5.0;
				TARGETED_DEVICE_FAMILY = "1,2";
			};
			name = Release;
		};
		84FDC2D925896155008FCCE1 /* Debug */ = {
			isa = XCBuildConfiguration;
			buildSettings = {
				ALWAYS_EMBED_SWIFT_STANDARD_LIBRARIES = YES;
				BUNDLE_LOADER = "$(TEST_HOST)";
				CODE_SIGN_STYLE = Automatic;
				INFOPLIST_FILE = "RévisionTests/Info.plist";
				IPHONEOS_DEPLOYMENT_TARGET = 14.2;
				LD_RUNPATH_SEARCH_PATHS = (
					"$(inherited)",
					"@executable_path/Frameworks",
					"@loader_path/Frameworks",
				);
				PRODUCT_BUNDLE_IDENTIFIER = "IOSApp.Re-visionTests";
				PRODUCT_NAME = "$(TARGET_NAME)";
				SWIFT_VERSION = 5.0;
				TARGETED_DEVICE_FAMILY = "1,2";
				TEST_HOST = "$(BUILT_PRODUCTS_DIR)/Révision.app/Révision";
			};
			name = Debug;
		};
		84FDC2DA25896155008FCCE1 /* Release */ = {
			isa = XCBuildConfiguration;
			buildSettings = {
				ALWAYS_EMBED_SWIFT_STANDARD_LIBRARIES = YES;
				BUNDLE_LOADER = "$(TEST_HOST)";
				CODE_SIGN_STYLE = Automatic;
				INFOPLIST_FILE = "RévisionTests/Info.plist";
				IPHONEOS_DEPLOYMENT_TARGET = 14.2;
				LD_RUNPATH_SEARCH_PATHS = (
					"$(inherited)",
					"@executable_path/Frameworks",
					"@loader_path/Frameworks",
				);
				PRODUCT_BUNDLE_IDENTIFIER = "IOSApp.Re-visionTests";
				PRODUCT_NAME = "$(TARGET_NAME)";
				SWIFT_VERSION = 5.0;
				TARGETED_DEVICE_FAMILY = "1,2";
				TEST_HOST = "$(BUILT_PRODUCTS_DIR)/Révision.app/Révision";
			};
			name = Release;
		};
		84FDC2DC25896155008FCCE1 /* Debug */ = {
			isa = XCBuildConfiguration;
			buildSettings = {
				ALWAYS_EMBED_SWIFT_STANDARD_LIBRARIES = YES;
				CODE_SIGN_STYLE = Automatic;
				INFOPLIST_FILE = "RévisionUITests/Info.plist";
				LD_RUNPATH_SEARCH_PATHS = (
					"$(inherited)",
					"@executable_path/Frameworks",
					"@loader_path/Frameworks",
				);
				PRODUCT_BUNDLE_IDENTIFIER = "IOSApp.Re-visionUITests";
				PRODUCT_NAME = "$(TARGET_NAME)";
				SWIFT_VERSION = 5.0;
				TARGETED_DEVICE_FAMILY = "1,2";
				TEST_TARGET_NAME = "Révision";
			};
			name = Debug;
		};
		84FDC2DD25896155008FCCE1 /* Release */ = {
			isa = XCBuildConfiguration;
			buildSettings = {
				ALWAYS_EMBED_SWIFT_STANDARD_LIBRARIES = YES;
				CODE_SIGN_STYLE = Automatic;
				INFOPLIST_FILE = "RévisionUITests/Info.plist";
				LD_RUNPATH_SEARCH_PATHS = (
					"$(inherited)",
					"@executable_path/Frameworks",
					"@loader_path/Frameworks",
				);
				PRODUCT_BUNDLE_IDENTIFIER = "IOSApp.Re-visionUITests";
				PRODUCT_NAME = "$(TARGET_NAME)";
				SWIFT_VERSION = 5.0;
				TARGETED_DEVICE_FAMILY = "1,2";
				TEST_TARGET_NAME = "Révision";
			};
			name = Release;
		};
/* End XCBuildConfiguration section */

/* Begin XCConfigurationList section */
		84FDC2A625896154008FCCE1 /* Build configuration list for PBXProject "Révision" */ = {
			isa = XCConfigurationList;
			buildConfigurations = (
				84FDC2D325896155008FCCE1 /* Debug */,
				84FDC2D425896155008FCCE1 /* Release */,
			);
			defaultConfigurationIsVisible = 0;
			defaultConfigurationName = Release;
		};
		84FDC2D525896155008FCCE1 /* Build configuration list for PBXNativeTarget "Révision" */ = {
			isa = XCConfigurationList;
			buildConfigurations = (
				84FDC2D625896155008FCCE1 /* Debug */,
				84FDC2D725896155008FCCE1 /* Release */,
			);
			defaultConfigurationIsVisible = 0;
			defaultConfigurationName = Release;
		};
		84FDC2D825896155008FCCE1 /* Build configuration list for PBXNativeTarget "RévisionTests" */ = {
			isa = XCConfigurationList;
			buildConfigurations = (
				84FDC2D925896155008FCCE1 /* Debug */,
				84FDC2DA25896155008FCCE1 /* Release */,
			);
			defaultConfigurationIsVisible = 0;
			defaultConfigurationName = Release;
		};
		84FDC2DB25896155008FCCE1 /* Build configuration list for PBXNativeTarget "RévisionUITests" */ = {
			isa = XCConfigurationList;
			buildConfigurations = (
				84FDC2DC25896155008FCCE1 /* Debug */,
				84FDC2DD25896155008FCCE1 /* Release */,
			);
			defaultConfigurationIsVisible = 0;
			defaultConfigurationName = Release;
		};
/* End XCConfigurationList section */
	};
	rootObject = 84FDC2A325896154008FCCE1 /* Project object */;
}
